
Microsoft Visual Studio Solution File, Format Version 12.00
# Visual Studio Version 17
VisualStudioVersion = 17.9.34728.123
MinimumVisualStudioVersion = 10.0.40219.1
Project("{FAE04EC0-301F-11D3-BF4B-00C04F79EFBC}") = "NitinNitin200567991", "NitinNitin200567991.csproj", "{9D577230-7C4E-48D3-B8A3-ECA0E48E8D65}"
EndProject
Global
	GlobalSection(SolutionConfigurationPlatforms) = preSolution
		Debug|Any CPU = Debug|Any CPU
		Release|Any CPU = Release|Any CPU
	EndGlobalSection
	GlobalSection(ProjectConfigurationPlatforms) = postSolution
		{9D577230-7C4E-48D3-B8A3-ECA0E48E8D65}.Debug|Any CPU.ActiveCfg = Debug|Any CPU
		{9D577230-7C4E-48D3-B8A3-ECA0E48E8D65}.Debug|Any CPU.Build.0 = Debug|Any CPU
		{9D577230-7C4E-48D3-B8A3-ECA0E48E8D65}.Release|Any CPU.ActiveCfg = Release|Any CPU
		{9D577230-7C4E-48D3-B8A3-ECA0E48E8D65}.Release|Any CPU.Build.0 = Release|Any CPU
	EndGlobalSection
	GlobalSection(SolutionProperties) = preSolution
		HideSolutionNode = FALSE
	EndGlobalSection
	GlobalSection(ExtensibilityGlobals) = postSolution
		SolutionGuid = {435A234E-3882-4341-A767-C5432937E573}
	EndGlobalSection
EndGlobal
